// !$*UTF8*$!
{
	archiveVersion = 1;
	classes = {
	};
	objectVersion = 50;
	objects = {

/* Begin PBXBuildFile section */
		C3CCC1F42582C118009113C6 /* SwiftUIFunApp.swift in Sources */ = {isa = PBXBuildFile; fileRef = C3CCC1F32582C118009113C6 /* SwiftUIFunApp.swift */; };
		C3CCC1F62582C118009113C6 /* HomeView.swift in Sources */ = {isa = PBXBuildFile; fileRef = C3CCC1F52582C118009113C6 /* HomeView.swift */; };
		C3CCC1F82582C11B009113C6 /* Assets.xcassets in Resources */ = {isa = PBXBuildFile; fileRef = C3CCC1F72582C11B009113C6 /* Assets.xcassets */; };
		C3CCC1FB2582C11B009113C6 /* Preview Assets.xcassets in Resources */ = {isa = PBXBuildFile; fileRef = C3CCC1FA2582C11B009113C6 /* Preview Assets.xcassets */; };
		C3CCC20B2582CC60009113C6 /* ThreeDotsLoaderView.swift in Sources */ = {isa = PBXBuildFile; fileRef = C3CCC20A2582CC60009113C6 /* ThreeDotsLoaderView.swift */; };
		C3CCC20F2582CCB0009113C6 /* Color+Extension.swift in Sources */ = {isa = PBXBuildFile; fileRef = C3CCC20E2582CCB0009113C6 /* Color+Extension.swift */; };
/* End PBXBuildFile section */

/* Begin PBXFileReference section */
		C3CCC1F02582C118009113C6 /* SwiftUIFun.app */ = {isa = PBXFileReference; explicitFileType = wrapper.application; includeInIndex = 0; path = SwiftUIFun.app; sourceTree = BUILT_PRODUCTS_DIR; };
		C3CCC1F32582C118009113C6 /* SwiftUIFunApp.swift */ = {isa = PBXFileReference; lastKnownFileType = sourcecode.swift; path = SwiftUIFunApp.swift; sourceTree = "<group>"; };
		C3CCC1F52582C118009113C6 /* HomeView.swift */ = {isa = PBXFileReference; lastKnownFileType = sourcecode.swift; path = HomeView.swift; sourceTree = "<group>"; };
		C3CCC1F72582C11B009113C6 /* Assets.xcassets */ = {isa = PBXFileReference; lastKnownFileType = folder.assetcatalog; path = Assets.xcassets; sourceTree = "<group>"; };
		C3CCC1FA2582C11B009113C6 /* Preview Assets.xcassets */ = {isa = PBXFileReference; lastKnownFileType = folder.assetcatalog; path = "Preview Assets.xcassets"; sourceTree = "<group>"; };
		C3CCC1FC2582C11B009113C6 /* Info.plist */ = {isa = PBXFileReference; lastKnownFileType = text.plist.xml; path = Info.plist; sourceTree = "<group>"; };
		C3CCC20A2582CC60009113C6 /* ThreeDotsLoaderView.swift */ = {isa = PBXFileReference; lastKnownFileType = sourcecode.swift; path = ThreeDotsLoaderView.swift; sourceTree = "<group>"; };
		C3CCC20E2582CCB0009113C6 /* Color+Extension.swift */ = {isa = PBXFileReference; lastKnownFileType = sourcecode.swift; path = "Color+Extension.swift"; sourceTree = "<group>"; };
/* End PBXFileReference section */

/* Begin PBXFrameworksBuildPhase section */
		C3CCC1ED2582C118009113C6 /* Frameworks */ = {
			isa = PBXFrameworksBuildPhase;
			buildActionMask = 2147483647;
			files = (
			);
			runOnlyForDeploymentPostprocessing = 0;
		};
/* End PBXFrameworksBuildPhase section */

/* Begin PBXGroup section */
		C3CCC1E72582C118009113C6 = {
			isa = PBXGroup;
			children = (
				C3CCC1F22582C118009113C6 /* SwiftUIFun */,
				C3CCC1F12582C118009113C6 /* Products */,
			);
			sourceTree = "<group>";
		};
		C3CCC1F12582C118009113C6 /* Products */ = {
			isa = PBXGroup;
			children = (
				C3CCC1F02582C118009113C6 /* SwiftUIFun.app */,
			);
			name = Products;
			sourceTree = "<group>";
		};
		C3CCC1F22582C118009113C6 /* SwiftUIFun */ = {
			isa = PBXGroup;
			children = (
				C3CCC20D2582CCA0009113C6 /* Extensions */,
				C3CCC2062582C774009113C6 /* Resources */,
				C3CCC1F32582C118009113C6 /* SwiftUIFunApp.swift */,
				C3CCC2042582C641009113C6 /* Animations */,
				C3CCC1F52582C118009113C6 /* HomeView.swift */,
				C3CCC1FC2582C11B009113C6 /* Info.plist */,
				C3CCC1F92582C11B009113C6 /* Preview Content */,
			);
			path = SwiftUIFun;
			sourceTree = "<group>";
		};
		C3CCC1F92582C11B009113C6 /* Preview Content */ = {
			isa = PBXGroup;
			children = (
				C3CCC1FA2582C11B009113C6 /* Preview Assets.xcassets */,
			);
			path = "Preview Content";
			sourceTree = "<group>";
		};
		C3CCC2042582C641009113C6 /* Animations */ = {
			isa = PBXGroup;
			children = (
				C3CCC2052582C64F009113C6 /* Three Dots Loader */,
			);
			path = Animations;
			sourceTree = "<group>";
		};
		C3CCC2052582C64F009113C6 /* Three Dots Loader */ = {
			isa = PBXGroup;
			children = (
				C3CCC20A2582CC60009113C6 /* ThreeDotsLoaderView.swift */,
			);
			path = "Three Dots Loader";
			sourceTree = "<group>";
		};
		C3CCC2062582C774009113C6 /* Resources */ = {
			isa = PBXGroup;
			children = (
				C3CCC1F72582C11B009113C6 /* Assets.xcassets */,
			);
			path = Resources;
			sourceTree = "<group>";
		};
		C3CCC20D2582CCA0009113C6 /* Extensions */ = {
			isa = PBXGroup;
			children = (
				C3CCC20E2582CCB0009113C6 /* Color+Extension.swift */,
			);
			path = Extensions;
			sourceTree = "<group>";
		};
/* End PBXGroup section */

/* Begin PBXNativeTarget section */
		C3CCC1EF2582C118009113C6 /* SwiftUIFun */ = {
			isa = PBXNativeTarget;
			buildConfigurationList = C3CCC1FF2582C11B009113C6 /* Build configuration list for PBXNativeTarget "SwiftUIFun" */;
			buildPhases = (
				C3CCC1EC2582C118009113C6 /* Sources */,
				C3CCC1ED2582C118009113C6 /* Frameworks */,
				C3CCC1EE2582C118009113C6 /* Resources */,
			);
			buildRules = (
			);
			dependencies = (
			);
			name = SwiftUIFun;
			productName = SwiftUIFun;
			productReference = C3CCC1F02582C118009113C6 /* SwiftUIFun.app */;
			productType = "com.apple.product-type.application";
		};
/* End PBXNativeTarget section */

/* Begin PBXProject section */
		C3CCC1E82582C118009113C6 /* Project object */ = {
			isa = PBXProject;
			attributes = {
				LastSwiftUpdateCheck = 1220;
				LastUpgradeCheck = 1220;
				TargetAttributes = {
					C3CCC1EF2582C118009113C6 = {
						CreatedOnToolsVersion = 12.2;
					};
				};
			};
			buildConfigurationList = C3CCC1EB2582C118009113C6 /* Build configuration list for PBXProject "SwiftUIFun" */;
			compatibilityVersion = "Xcode 9.3";
			developmentRegion = en;
			hasScannedForEncodings = 0;
			knownRegions = (
				en,
				Base,
			);
			mainGroup = C3CCC1E72582C118009113C6;
			productRefGroup = C3CCC1F12582C118009113C6 /* Products */;
			projectDirPath = "";
			projectRoot = "";
			targets = (
				C3CCC1EF2582C118009113C6 /* SwiftUIFun */,
			);
		};
/* End PBXProject section */

/* Begin PBXResourcesBuildPhase section */
		C3CCC1EE2582C118009113C6 /* Resources */ = {
			isa = PBXResourcesBuildPhase;
			buildActionMask = 2147483647;
			files = (
				C3CCC1FB2582C11B009113C6 /* Preview Assets.xcassets in Resources */,
				C3CCC1F82582C11B009113C6 /* Assets.xcassets in Resources */,
			);
			runOnlyForDeploymentPostprocessing = 0;
		};
/* End PBXResourcesBuildPhase section */

/* Begin PBXSourcesBuildPhase section */
		C3CCC1EC2582C118009113C6 /* Sources */ = {
			isa = PBXSourcesBuildPhase;
			buildActionMask = 2147483647;
			files = (
				C3CCC1F62582C118009113C6 /* HomeView.swift in Sources */,
				C3CCC20B2582CC60009113C6 /* ThreeDotsLoaderView.swift in Sources */,
				C3CCC1F42582C118009113C6 /* SwiftUIFunApp.swift in Sources */,
				C3CCC20F2582CCB0009113C6 /* Color+Extension.swift in Sources */,
			);
			runOnlyForDeploymentPostprocessing = 0;
		};
/* End PBXSourcesBuildPhase section */

/* Begin XCBuildConfiguration section */
		C3CCC1FD2582C11B009113C6 /* Debug */ = {
			isa = XCBuildConfiguration;
			buildSettings = {
				ALWAYS_SEARCH_USER_PATHS = NO;
				CLANG_ANALYZER_NONNULL = YES;
				CLANG_ANALYZER_NUMBER_OBJECT_CONVERSION = YES_AGGRESSIVE;
				CLANG_CXX_LANGUAGE_STANDARD = "gnu++14";
				CLANG_CXX_LIBRARY = "libc++";
				CLANG_ENABLE_MODULES = YES;
				CLANG_ENABLE_OBJC_ARC = YES;
				CLANG_ENABLE_OBJC_WEAK = YES;
				CLANG_WARN_BLOCK_CAPTURE_AUTORELEASING = YES;
				CLANG_WARN_BOOL_CONVERSION = YES;
				CLANG_WARN_COMMA = YES;
				CLANG_WARN_CONSTANT_CONVERSION = YES;
				CLANG_WARN_DEPRECATED_OBJC_IMPLEMENTATIONS = YES;
				CLANG_WARN_DIRECT_OBJC_ISA_USAGE = YES_ERROR;
				CLANG_WARN_DOCUMENTATION_COMMENTS = YES;
				CLANG_WARN_EMPTY_BODY = YES;
				CLANG_WARN_ENUM_CONVERSION = YES;
				CLANG_WARN_INFINITE_RECURSION = YES;
				CLANG_WARN_INT_CONVERSION = YES;
				CLANG_WARN_NON_LITERAL_NULL_CONVERSION = YES;
				CLANG_WARN_OBJC_IMPLICIT_RETAIN_SELF = YES;
				CLANG_WARN_OBJC_LITERAL_CONVERSION = YES;
				CLANG_WARN_OBJC_ROOT_CLASS = YES_ERROR;
				CLANG_WARN_QUOTED_INCLUDE_IN_FRAMEWORK_HEADER = YES;
				CLANG_WARN_RANGE_LOOP_ANALYSIS = YES;
				CLANG_WARN_STRICT_PROTOTYPES = YES;
				CLANG_WARN_SUSPICIOUS_MOVE = YES;
				CLANG_WARN_UNGUARDED_AVAILABILITY = YES_AGGRESSIVE;
				CLANG_WARN_UNREACHABLE_CODE = YES;
				CLANG_WARN__DUPLICATE_METHOD_MATCH = YES;
				COPY_PHASE_STRIP = NO;
				DEBUG_INFORMATION_FORMAT = dwarf;
				ENABLE_STRICT_OBJC_MSGSEND = YES;
				ENABLE_TESTABILITY = YES;
				GCC_C_LANGUAGE_STANDARD = gnu11;
				GCC_DYNAMIC_NO_PIC = NO;
				GCC_NO_COMMON_BLOCKS = YES;
				GCC_OPTIMIZATION_LEVEL = 0;
				GCC_PREPROCESSOR_DEFINITIONS = (
					"DEBUG=1",
					"$(inherited)",
				);
				GCC_WARN_64_TO_32_BIT_CONVERSION = YES;
				GCC_WARN_ABOUT_RETURN_TYPE = YES_ERROR;
				GCC_WARN_UNDECLARED_SELECTOR = YES;
				GCC_WARN_UNINITIALIZED_AUTOS = YES_AGGRESSIVE;
				GCC_WARN_UNUSED_FUNCTION = YES;
				GCC_WARN_UNUSED_VARIABLE = YES;
				IPHONEOS_DEPLOYMENT_TARGET = 14.2;
				MTL_ENABLE_DEBUG_INFO = INCLUDE_SOURCE;
				MTL_FAST_MATH = YES;
				ONLY_ACTIVE_ARCH = YES;
				SDKROOT = iphoneos;
				SWIFT_ACTIVE_COMPILATION_CONDITIONS = DEBUG;
				SWIFT_OPTIMIZATION_LEVEL = "-Onone";
			};
			name = Debug;
		};
		C3CCC1FE2582C11B009113C6 /* Release */ = {
			isa = XCBuildConfiguration;
			buildSettings = {
				ALWAYS_SEARCH_USER_PATHS = NO;
				CLANG_ANALYZER_NONNULL = YES;
				CLANG_ANALYZER_NUMBER_OBJECT_CONVERSION = YES_AGGRESSIVE;
				CLANG_CXX_LANGUAGE_STANDARD = "gnu++14";
				CLANG_CXX_LIBRARY = "libc++";
				CLANG_ENABLE_MODULES = YES;
				CLANG_ENABLE_OBJC_ARC = YES;
				CLANG_ENABLE_OBJC_WEAK = YES;
				CLANG_WARN_BLOCK_CAPTURE_AUTORELEASING = YES;
				CLANG_WARN_BOOL_CONVERSION = YES;
				CLANG_WARN_COMMA = YES;
				CLANG_WARN_CONSTANT_CONVERSION = YES;
				CLANG_WARN_DEPRECATED_OBJC_IMPLEMENTATIONS = YES;
				CLANG_WARN_DIRECT_OBJC_ISA_USAGE = YES_ERROR;
				CLANG_WARN_DOCUMENTATION_COMMENTS = YES;
				CLANG_WARN_EMPTY_BODY = YES;
				CLANG_WARN_ENUM_CONVERSION = YES;
				CLANG_WARN_INFINITE_RECURSION = YES;
				CLANG_WARN_INT_CONVERSION = YES;
				CLANG_WARN_NON_LITERAL_NULL_CONVERSION = YES;
				CLANG_WARN_OBJC_IMPLICIT_RETAIN_SELF = YES;
				CLANG_WARN_OBJC_LITERAL_CONVERSION = YES;
				CLANG_WARN_OBJC_ROOT_CLASS = YES_ERROR;
				CLANG_WARN_QUOTED_INCLUDE_IN_FRAMEWORK_HEADER = YES;
				CLANG_WARN_RANGE_LOOP_ANALYSIS = YES;
				CLANG_WARN_STRICT_PROTOTYPES = YES;
				CLANG_WARN_SUSPICIOUS_MOVE = YES;
				CLANG_WARN_UNGUARDED_AVAILABILITY = YES_AGGRESSIVE;
				CLANG_WARN_UNREACHABLE_CODE = YES;
				CLANG_WARN__DUPLICATE_METHOD_MATCH = YES;
				COPY_PHASE_STRIP = NO;
				DEBUG_INFORMATION_FORMAT = "dwarf-with-dsym";
				ENABLE_NS_ASSERTIONS = NO;
				ENABLE_STRICT_OBJC_MSGSEND = YES;
				GCC_C_LANGUAGE_STANDARD = gnu11;
				GCC_NO_COMMON_BLOCKS = YES;
				GCC_WARN_64_TO_32_BIT_CONVERSION = YES;
				GCC_WARN_ABOUT_RETURN_TYPE = YES_ERROR;
				GCC_WARN_UNDECLARED_SELECTOR = YES;
				GCC_WARN_UNINITIALIZED_AUTOS = YES_AGGRESSIVE;
				GCC_WARN_UNUSED_FUNCTION = YES;
				GCC_WARN_UNUSED_VARIABLE = YES;
				IPHONEOS_DEPLOYMENT_TARGET = 14.2;
				MTL_ENABLE_DEBUG_INFO = NO;
				MTL_FAST_MATH = YES;
				SDKROOT = iphoneos;
				SWIFT_COMPILATION_MODE = wholemodule;
				SWIFT_OPTIMIZATION_LEVEL = "-O";
				VALIDATE_PRODUCT = YES;
			};
			name = Release;
		};
		C3CCC2002582C11B009113C6 /* Debug */ = {
			isa = XCBuildConfiguration;
			buildSettings = {
				ASSETCATALOG_COMPILER_APPICON_NAME = AppIcon;
				ASSETCATALOG_COMPILER_GLOBAL_ACCENT_COLOR_NAME = AccentColor;
				CODE_SIGN_STYLE = Automatic;
				DEVELOPMENT_ASSET_PATHS = "\"SwiftUIFun/Preview Content\"";
				DEVELOPMENT_TEAM = 2262CQKPZT;
				ENABLE_PREVIEWS = YES;
				INFOPLIST_FILE = SwiftUIFun/Info.plist;
				IPHONEOS_DEPLOYMENT_TARGET = 14.0;
				LD_RUNPATH_SEARCH_PATHS = (
					"$(inherited)",
					"@executable_path/Frameworks",
				);
				PRODUCT_BUNDLE_IDENTIFIER = com.connorrblack.SwiftUIFun;
				PRODUCT_NAME = "$(TARGET_NAME)";
				SWIFT_VERSION = 5.0;
				TARGETED_DEVICE_FAMILY = "1,2";
			};
			name = Debug;
		};
		C3CCC2012582C11B009113C6 /* Release */ = {
			isa = XCBuildConfiguration;
			buildSettings = {
				ASSETCATALOG_COMPILER_APPICON_NAME = AppIcon;
				ASSETCATALOG_COMPILER_GLOBAL_ACCENT_COLOR_NAME = AccentColor;
				CODE_SIGN_STYLE = Automatic;
				DEVELOPMENT_ASSET_PATHS = "\"SwiftUIFun/Preview Content\"";
				DEVELOPMENT_TEAM = 2262CQKPZT;
				ENABLE_PREVIEWS = YES;
				INFOPLIST_FILE = SwiftUIFun/Info.plist;
				IPHONEOS_DEPLOYMENT_TARGET = 14.0;
				LD_RUNPATH_SEARCH_PATHS = (
					"$(inherited)",
					"@executable_path/Frameworks",
				);
				PRODUCT_BUNDLE_IDENTIFIER = com.connorrblack.SwiftUIFun;
				PRODUCT_NAME = "$(TARGET_NAME)";
				SWIFT_VERSION = 5.0;
				TARGETED_DEVICE_FAMILY = "1,2";
			};
			name = Release;
		};
/* End XCBuildConfiguration section */

/* Begin XCConfigurationList section */
		C3CCC1EB2582C118009113C6 /* Build configuration list for PBXProject "SwiftUIFun" */ = {
			isa = XCConfigurationList;
			buildConfigurations = (
				C3CCC1FD2582C11B009113C6 /* Debug */,
				C3CCC1FE2582C11B009113C6 /* Release */,
			);
			defaultConfigurationIsVisible = 0;
			defaultConfigurationName = Release;
		};
		C3CCC1FF2582C11B009113C6 /* Build configuration list for PBXNativeTarget "SwiftUIFun" */ = {
			isa = XCConfigurationList;
			buildConfigurations = (
				C3CCC2002582C11B009113C6 /* Debug */,
				C3CCC2012582C11B009113C6 /* Release */,
			);
			defaultConfigurationIsVisible = 0;
			defaultConfigurationName = Release;
		};
/* End XCConfigurationList section */
	};
	rootObject = C3CCC1E82582C118009113C6 /* Project object */;
}
